// !$*UTF8*$!
{
	archiveVersion = 1;
	classes = {
	};
	objectVersion = 56;
	objects = {

/* Begin PBXBuildFile section */
		F82C4419BCEF82B620D8965D /* AppDelegate.swift in Sources */ = {isa = PBXBuildFile; fileRef = A870D17DCA57D47F8EBD3AC0 /* AppDelegate.swift */; };
		8F6512F3C99DD15C6816B6F8 /* SceneDelegate.swift in Sources */ = {isa = PBXBuildFile; fileRef = 8B77A75764D768C431617F50 /* SceneDelegate.swift */; };
		19E39BBDDEC66F10BF87F15A /* ViewController.swift in Sources */ = {isa = PBXBuildFile; fileRef = CC93098B66D467AC86E600C9 /* ViewController.swift */; };
		CAB2E391DA77620FFF0FFBC8 /* DailyNotify.swift in Sources */ = {isa = PBXBuildFile; fileRef = 9004C2339E86D85A51A7A649 /* DailyNotify.swift */; };
		CE089F327819E71A890A040F /* MediaSaver.swift in Sources */ = {isa = PBXBuildFile; fileRef = 7A553081CFF1C75BA2F4A06E /* MediaSaver.swift */; };
		2F6448EE7C8FA550A02B6A29 /* ScreenRecorder.swift in Sources */ = {isa = PBXBuildFile; fileRef = 66320B3FBC241F0CC7814D4E /* ScreenRecorder.swift */; };
		1A74C41E9FB6C8626CAFE8EB /* Assets.xcassets in Resources */ = {isa = PBXBuildFile; fileRef = 70C034E7A358B4B14909A8B9 /* Assets.xcassets */; };
		3E9AE4A2C4D813C1E5DEB98C /* game.html in Resources */ = {isa = PBXBuildFile; fileRef = C7A3F9500C4FFDACFDF40CDC /* game.html */; };
		851F013AF05BB790229EEA92 /* html2canvas.min.js in Resources */ = {isa = PBXBuildFile; fileRef = 67EC29655CE74A8C6F63CFC4 /* html2canvas.min.js */; };
/* End PBXBuildFile section */

/* Begin PBXFileReference section */
		F2B2C3FF01D03FE7AB69F944 /* BlockDestroy.app */ = {isa = PBXFileReference; explicitFileType = wrapper.application; includeInIndex = 0; path = BlockDestroy.app; sourceTree = BUILT_PRODUCTS_DIR; };
		A870D17DCA57D47F8EBD3AC0 /* AppDelegate.swift */ = {isa = PBXFileReference; lastKnownFileType = sourcecode.swift; path = AppDelegate.swift; sourceTree = "<group>"; };
		8B77A75764D768C431617F50 /* SceneDelegate.swift */ = {isa = PBXFileReference; lastKnownFileType = sourcecode.swift; path = SceneDelegate.swift; sourceTree = "<group>"; };
		CC93098B66D467AC86E600C9 /* ViewController.swift */ = {isa = PBXFileReference; lastKnownFileType = sourcecode.swift; path = ViewController.swift; sourceTree = "<group>"; };
		9004C2339E86D85A51A7A649 /* DailyNotify.swift */ = {isa = PBXFileReference; lastKnownFileType = sourcecode.swift; path = DailyNotify.swift; sourceTree = "<group>"; };
		7A553081CFF1C75BA2F4A06E /* MediaSaver.swift */ = {isa = PBXFileReference; lastKnownFileType = sourcecode.swift; path = MediaSaver.swift; sourceTree = "<group>"; };
		66320B3FBC241F0CC7814D4E /* ScreenRecorder.swift */ = {isa = PBXFileReference; lastKnownFileType = sourcecode.swift; path = ScreenRecorder.swift; sourceTree = "<group>"; };
		299B3532F7A50A6720739AB8 /* Info.plist */ = {isa = PBXFileReference; lastKnownFileType = text.plist.xml; path = Info.plist; sourceTree = "<group>"; };
		70C034E7A358B4B14909A8B9 /* Assets.xcassets */ = {isa = PBXFileReference; lastKnownFileType = folder.assetcatalog; path = Assets.xcassets; sourceTree = "<group>"; };
		C7A3F9500C4FFDACFDF40CDC /* game.html */ = {isa = PBXFileReference; lastKnownFileType = text.html; path = game.html; sourceTree = "<group>"; };
		67EC29655CE74A8C6F63CFC4 /* html2canvas.min.js */ = {isa = PBXFileReference; lastKnownFileType = sourcecode.javascript; path = html2canvas.min.js; sourceTree = "<group>"; };
/* End PBXFileReference section */

/* Begin PBXFrameworksBuildPhase section */
		83BF9D988BC3DAF9BD809FCC /* Frameworks */ = {
			isa = PBXFrameworksBuildPhase;
			buildActionMask = 2147483647;
			files = (
			);
			runOnlyForDeploymentPostprocessing = 0;
		};
/* End PBXFrameworksBuildPhase section */

/* Begin PBXGroup section */
		DAD187A39BEF715C8749022A = {
			isa = PBXGroup;
			children = (
				503B54C4318D3B98F2A05591 /* BlockDestroy */,
				DDA1F70F1DF405E942D2B37B /* Products */,
			);
			sourceTree = "<group>";
		};
		DDA1F70F1DF405E942D2B37B /* Products */ = {
			isa = PBXGroup;
			children = (
				F2B2C3FF01D03FE7AB69F944 /* BlockDestroy.app */,
			);
			name = Products;
			sourceTree = "<group>";
		};
		503B54C4318D3B98F2A05591 /* BlockDestroy */ = {
			isa = PBXGroup;
			children = (
				A870D17DCA57D47F8EBD3AC0 /* AppDelegate.swift */,
				8B77A75764D768C431617F50 /* SceneDelegate.swift */,
				CC93098B66D467AC86E600C9 /* ViewController.swift */,
				9004C2339E86D85A51A7A649 /* DailyNotify.swift */,
				7A553081CFF1C75BA2F4A06E /* MediaSaver.swift */,
				66320B3FBC241F0CC7814D4E /* ScreenRecorder.swift */,
				70C034E7A358B4B14909A8B9 /* Assets.xcassets */,
				1BD93409BB55AA775C283556 /* Resources */,
				299B3532F7A50A6720739AB8 /* Info.plist */,
			);
			path = BlockDestroy;
			sourceTree = "<group>";
		};
		1BD93409BB55AA775C283556 /* Resources */ = {
			isa = PBXGroup;
			children = (
				C7A3F9500C4FFDACFDF40CDC /* game.html */,
				67EC29655CE74A8C6F63CFC4 /* html2canvas.min.js */,
			);
			path = Resources;
			sourceTree = "<group>";
		};
/* End PBXGroup section */

/* Begin PBXNativeTarget section */
		A5FCC7E5887495228AD233BA /* BlockDestroy */ = {
			isa = PBXNativeTarget;
			buildConfigurationList = 71930BDAAF2EBE2D51B5E09C /* Build configuration list for PBXNativeTarget "BlockDestroy" */;
			buildPhases = (
				73CE87339981127F81E7D06D /* Sources */,
				83BF9D988BC3DAF9BD809FCC /* Frameworks */,
				F030CDAF622801AF96DB87B0 /* Resources */,
			);
			buildRules = (
			);
			dependencies = (
			);
			name = BlockDestroy;
			productName = BlockDestroy;
			productReference = F2B2C3FF01D03FE7AB69F944 /* BlockDestroy.app */;
			productType = "com.apple.product-type.application";
		};
/* End PBXNativeTarget section */

/* Begin PBXProject section */
		7061C2506137C26899712590 /* Project object */ = {
			isa = PBXProject;
			attributes = {
				BuildIndependentTargetsInParallel = 1;
				LastSwiftUpdateCheck = 1520;
				LastUpgradeCheck = 1520;
				TargetAttributes = {
					A5FCC7E5887495228AD233BA = {
						CreatedOnToolsVersion = 15.2;
					};
				};
			};
			buildConfigurationList = 65077D67FAAACB6907429C83 /* Build configuration list for PBXProject "BlockDestroy" */;
			compatibilityVersion = "Xcode 14.0";
			developmentRegion = ja;
			hasScannedForEncodings = 0;
			knownRegions = (
				ja,
				Base,
			);
			mainGroup = DAD187A39BEF715C8749022A;
			productRefGroup = DDA1F70F1DF405E942D2B37B /* Products */;
			projectDirPath = "";
			projectRoot = "";
			targets = (
				A5FCC7E5887495228AD233BA /* BlockDestroy */,
			);
		};
/* End PBXProject section */

/* Begin PBXResourcesBuildPhase section */
		F030CDAF622801AF96DB87B0 /* Resources */ = {
			isa = PBXResourcesBuildPhase;
			buildActionMask = 2147483647;
			files = (
				1A74C41E9FB6C8626CAFE8EB /* Assets.xcassets in Resources */,
				3E9AE4A2C4D813C1E5DEB98C /* game.html in Resources */,
				851F013AF05BB790229EEA92 /* html2canvas.min.js in Resources */,
			);
			runOnlyForDeploymentPostprocessing = 0;
		};
/* End PBXResourcesBuildPhase section */

/* Begin PBXSourcesBuildPhase section */
		73CE87339981127F81E7D06D /* Sources */ = {
			isa = PBXSourcesBuildPhase;
			buildActionMask = 2147483647;
			files = (
				F82C4419BCEF82B620D8965D /* AppDelegate.swift in Sources */,
				8F6512F3C99DD15C6816B6F8 /* SceneDelegate.swift in Sources */,
				19E39BBDDEC66F10BF87F15A /* ViewController.swift in Sources */,
				CAB2E391DA77620FFF0FFBC8 /* DailyNotify.swift in Sources */,
				CE089F327819E71A890A040F /* MediaSaver.swift in Sources */,
				2F6448EE7C8FA550A02B6A29 /* ScreenRecorder.swift in Sources */,
			);
			runOnlyForDeploymentPostprocessing = 0;
		};
/* End PBXSourcesBuildPhase section */

/* Begin XCBuildConfiguration section */
		6969A4748D6A7D867C335ED6 /* Debug */ = {
			isa = XCBuildConfiguration;
			buildSettings = {
				ALWAYS_SEARCH_USER_PATHS = NO;
				CLANG_ANALYZER_NONNULL = YES;
				CLANG_ANALYZER_NUMBER_OBJECT_CONVERSION = YES_AGGRESSIVE;
				CLANG_CXX_LANGUAGE_STANDARD = "gnu++20";
				CLANG_ENABLE_MODULES = YES;
				CLANG_ENABLE_OBJC_ARC = YES;
				CLANG_ENABLE_OBJC_WEAK = YES;
				CLANG_WARN_BLOCK_CAPTURE_AUTORELEASING = YES;
				CLANG_WARN_BOOL_CONVERSION = YES;
				CLANG_WARN_COMMA = YES;
				CLANG_WARN_CONSTANT_CONVERSION = YES;
				CLANG_WARN_DEPRECATED_OBJC_IMPLEMENTATIONS = YES;
				CLANG_WARN_DIRECT_OBJC_ISA_USAGE = YES_ERROR;
				CLANG_WARN_DOCUMENTATION_COMMENTS = YES;
				CLANG_WARN_EMPTY_BODY = YES;
				CLANG_WARN_ENUM_CONVERSION = YES;
				CLANG_WARN_INFINITE_RECURSION = YES;
				CLANG_WARN_INT_CONVERSION = YES;
				CLANG_WARN_NON_LITERAL_NULL_CONVERSION = YES;
				CLANG_WARN_OBJC_IMPLICIT_RETAIN_SELF = YES;
				CLANG_WARN_OBJC_LITERAL_CONVERSION = YES;
				CLANG_WARN_OBJC_ROOT_CLASS = YES_ERROR;
				CLANG_WARN_QUOTED_INCLUDE_IN_FRAMEWORK_HEADER = YES;
				CLANG_WARN_RANGE_LOOP_ANALYSIS = YES;
				CLANG_WARN_STRICT_PROTOTYPES = YES;
				CLANG_WARN_SUSPICIOUS_MOVE = YES;
				CLANG_WARN_UNGUARDED_AVAILABILITY = YES_AGGRESSIVE;
				CLANG_WARN_UNREACHABLE_CODE = YES;
				CLANG_WARN__DUPLICATE_METHOD_MATCH = YES;
				COPY_PHASE_STRIP = NO;
				DEBUG_INFORMATION_FORMAT = dwarf;
				ENABLE_STRICT_OBJC_MSGSEND = YES;
				ENABLE_TESTABILITY = YES;
				GCC_C_LANGUAGE_STANDARD = gnu17;
				GCC_DYNAMIC_NO_PIC = NO;
				GCC_NO_COMMON_BLOCKS = YES;
				GCC_OPTIMIZATION_LEVEL = 0;
				GCC_PREPROCESSOR_DEFINITIONS = (
					"DEBUG=1",
					"$(inherited)",
				);
				GCC_WARN_64_TO_32_BIT_CONVERSION = YES;
				GCC_WARN_ABOUT_RETURN_TYPE = YES_ERROR;
				GCC_WARN_UNDECLARED_SELECTOR = YES;
				GCC_WARN_UNINITIALIZED_AUTOS = YES_AGGRESSIVE;
				GCC_WARN_UNUSED_FUNCTION = YES;
				GCC_WARN_UNUSED_VARIABLE = YES;
				IPHONEOS_DEPLOYMENT_TARGET = 15.0;
				MTL_ENABLE_DEBUG_INFO = INCLUDE_SOURCE;
				MTL_FAST_MATH = YES;
				ONLY_ACTIVE_ARCH = YES;
				SDKROOT = iphoneos;
				SWIFT_ACTIVE_COMPILATION_CONDITIONS = DEBUG;
				SWIFT_OPTIMIZATION_LEVEL = "-Onone";
			};
			name = Debug;
		};
		90A54F019BB8571A78875E98 /* Release */ = {
			isa = XCBuildConfiguration;
			buildSettings = {
				ALWAYS_SEARCH_USER_PATHS = NO;
				CLANG_ANALYZER_NONNULL = YES;
				CLANG_ANALYZER_NUMBER_OBJECT_CONVERSION = YES_AGGRESSIVE;
				CLANG_CXX_LANGUAGE_STANDARD = "gnu++20";
				CLANG_ENABLE_MODULES = YES;
				CLANG_ENABLE_OBJC_ARC = YES;
				CLANG_ENABLE_OBJC_WEAK = YES;
				CLANG_WARN_BLOCK_CAPTURE_AUTORELEASING = YES;
				CLANG_WARN_BOOL_CONVERSION = YES;
				CLANG_WARN_COMMA = YES;
				CLANG_WARN_CONSTANT_CONVERSION = YES;
				CLANG_WARN_DEPRECATED_OBJC_IMPLEMENTATIONS = YES;
				CLANG_WARN_DIRECT_OBJC_ISA_USAGE = YES_ERROR;
				CLANG_WARN_DOCUMENTATION_COMMENTS = YES;
				CLANG_WARN_EMPTY_BODY = YES;
				CLANG_WARN_ENUM_CONVERSION = YES;
				CLANG_WARN_INFINITE_RECURSION = YES;
				CLANG_WARN_INT_CONVERSION = YES;
				CLANG_WARN_NON_LITERAL_NULL_CONVERSION = YES;
				CLANG_WARN_OBJC_IMPLICIT_RETAIN_SELF = YES;
				CLANG_WARN_OBJC_LITERAL_CONVERSION = YES;
				CLANG_WARN_OBJC_ROOT_CLASS = YES_ERROR;
				CLANG_WARN_QUOTED_INCLUDE_IN_FRAMEWORK_HEADER = YES;
				CLANG_WARN_RANGE_LOOP_ANALYSIS = YES;
				CLANG_WARN_STRICT_PROTOTYPES = YES;
				CLANG_WARN_SUSPICIOUS_MOVE = YES;
				CLANG_WARN_UNGUARDED_AVAILABILITY = YES_AGGRESSIVE;
				CLANG_WARN_UNREACHABLE_CODE = YES;
				CLANG_WARN__DUPLICATE_METHOD_MATCH = YES;
				COPY_PHASE_STRIP = NO;
				DEBUG_INFORMATION_FORMAT = "dwarf-with-dsym";
				ENABLE_NS_ASSERTIONS = NO;
				ENABLE_STRICT_OBJC_MSGSEND = YES;
				GCC_C_LANGUAGE_STANDARD = gnu17;
				GCC_NO_COMMON_BLOCKS = YES;
				GCC_WARN_64_TO_32_BIT_CONVERSION = YES;
				GCC_WARN_ABOUT_RETURN_TYPE = YES_ERROR;
				GCC_WARN_UNDECLARED_SELECTOR = YES;
				GCC_WARN_UNINITIALIZED_AUTOS = YES_AGGRESSIVE;
				GCC_WARN_UNUSED_FUNCTION = YES;
				GCC_WARN_UNUSED_VARIABLE = YES;
				IPHONEOS_DEPLOYMENT_TARGET = 15.0;
				MTL_ENABLE_DEBUG_INFO = NO;
				MTL_FAST_MATH = YES;
				SDKROOT = iphoneos;
				SWIFT_COMPILATION_MODE = wholemodule;
				VALIDATE_PRODUCT = YES;
			};
			name = Release;
		};
		D82ABCE82E38FBCD9358B61E /* Debug */ = {
			isa = XCBuildConfiguration;
			buildSettings = {
				ASSETCATALOG_COMPILER_APPICON_NAME = AppIcon;
				ASSETCATALOG_COMPILER_GLOBAL_ACCENT_COLOR_NAME = AccentColor;
				CODE_SIGN_STYLE = Automatic;
				CURRENT_PROJECT_VERSION = 1;
				GENERATE_INFOPLIST_FILE = NO;
				INFOPLIST_FILE = BlockDestroy/Info.plist;
				INFOPLIST_KEY_UILaunchStoryboardName = "";
				IPHONEOS_DEPLOYMENT_TARGET = 15.0;
				LD_RUNPATH_SEARCH_PATHS = (
					"$(inherited)",
					"@executable_path/Frameworks",
				);
				MARKETING_VERSION = 1.0;
				PRODUCT_BUNDLE_IDENTIFIER = site.ragdollp.blockdestory;
				PRODUCT_NAME = "$(TARGET_NAME)";
				SWIFT_EMIT_LOC_STRINGS = YES;
				SWIFT_VERSION = 5.0;
				TARGETED_DEVICE_FAMILY = "1,2";
			};
			name = Debug;
		};
		793D273304C43AF9B64E77E4 /* Release */ = {
			isa = XCBuildConfiguration;
			buildSettings = {
				ASSETCATALOG_COMPILER_APPICON_NAME = AppIcon;
				ASSETCATALOG_COMPILER_GLOBAL_ACCENT_COLOR_NAME = AccentColor;
				CODE_SIGN_STYLE = Automatic;
				CURRENT_PROJECT_VERSION = 1;
				GENERATE_INFOPLIST_FILE = NO;
				INFOPLIST_FILE = BlockDestroy/Info.plist;
				INFOPLIST_KEY_UILaunchStoryboardName = "";
				IPHONEOS_DEPLOYMENT_TARGET = 15.0;
				LD_RUNPATH_SEARCH_PATHS = (
					"$(inherited)",
					"@executable_path/Frameworks",
				);
				MARKETING_VERSION = 1.0;
				PRODUCT_BUNDLE_IDENTIFIER = site.ragdollp.blockdestory;
				PRODUCT_NAME = "$(TARGET_NAME)";
				SWIFT_EMIT_LOC_STRINGS = YES;
				SWIFT_VERSION = 5.0;
				TARGETED_DEVICE_FAMILY = "1,2";
			};
			name = Release;
		};
/* End XCBuildConfiguration section */

/* Begin XCConfigurationList section */
		65077D67FAAACB6907429C83 /* Build configuration list for PBXProject "BlockDestroy" */ = {
			isa = XCConfigurationList;
			buildConfigurations = (
				6969A4748D6A7D867C335ED6 /* Debug */,
				90A54F019BB8571A78875E98 /* Release */,
			);
			defaultConfigurationIsVisible = 0;
			defaultConfigurationName = Release;
		};
		71930BDAAF2EBE2D51B5E09C /* Build configuration list for PBXNativeTarget "BlockDestroy" */ = {
			isa = XCConfigurationList;
			buildConfigurations = (
				D82ABCE82E38FBCD9358B61E /* Debug */,
				793D273304C43AF9B64E77E4 /* Release */,
			);
			defaultConfigurationIsVisible = 0;
			defaultConfigurationName = Release;
		};
/* End XCConfigurationList section */
	};
	rootObject = 7061C2506137C26899712590 /* Project object */;
}
